
Microsoft Visual Studio Solution File, Format Version 12.00
# Visual Studio Version 17
VisualStudioVersion = 17.0.31912.275
MinimumVisualStudioVersion = 10.0.40219.1
Project("{2150E333-8FDC-42A3-9474-1A3956D46DE8}") = "src", "src", "{49BFD5C8-4ECE-4423-BA05-FA98EBD55A4E}"
EndProject
Project("{2150E333-8FDC-42A3-9474-1A3956D46DE8}") = "Solution Items", "Solution Items", "{99E35DD5-B8C5-4056-A116-92C8A196CD92}"
	ProjectSection(SolutionItems) = preProject
		ServiceUrls.txt = ServiceUrls.txt
	EndProjectSection
EndProject
Project("{2150E333-8FDC-42A3-9474-1A3956D46DE8}") = "ApiGateways", "ApiGateways", "{764733D0-EB21-4004-B855-2DE86FFBAAF7}"
EndProject
Project("{2150E333-8FDC-42A3-9474-1A3956D46DE8}") = "BuildingBlocks", "BuildingBlocks", "{DFFD5966-A7C1-4FF0-8F94-2B923231672B}"
EndProject
Project("{2150E333-8FDC-42A3-9474-1A3956D46DE8}") = "Services", "Services", "{47530645-B61A-471A-90F9-01A326CC0FDB}"
EndProject
Project("{2150E333-8FDC-42A3-9474-1A3956D46DE8}") = "Clients", "Clients", "{BB268576-D380-4E8D-BE41-4389F0ACB417}"
EndProject
Project("{2150E333-8FDC-42A3-9474-1A3956D46DE8}") = "WebApiGateway", "WebApiGateway", "{36ED235A-A19C-4791-BAE3-03CD3AB18DF8}"
EndProject
Project("{9A19103F-16F7-4668-BE54-9A1E7A4F7556}") = "Web.ApiGateway", "src\ApiGateways\WebApiGateway\Web.ApiGateway\Web.ApiGateway.csproj", "{BE7A1E54-0BA9-4EF1-982D-8B1C493BFBAA}"
EndProject
Project("{2150E333-8FDC-42A3-9474-1A3956D46DE8}") = "EventBus", "EventBus", "{B65553A3-A416-428F-9CDE-A5B646330979}"
EndProject
Project("{9A19103F-16F7-4668-BE54-9A1E7A4F7556}") = "EventBus.Base", "src\BuildingBlocks\EventBus\EventBus.Base\EventBus.Base.csproj", "{2233BF67-3E70-4EFF-BFEA-E790214273CE}"
EndProject
Project("{9A19103F-16F7-4668-BE54-9A1E7A4F7556}") = "EventBus.Factory", "src\BuildingBlocks\EventBus\EventBus.Factory\EventBus.Factory.csproj", "{C7E0C6A1-A563-4C3E-85F2-D12E0A893BC2}"
EndProject
Project("{9A19103F-16F7-4668-BE54-9A1E7A4F7556}") = "EventBus.AzureServiceBus", "src\BuildingBlocks\EventBus\EventBus.AzureServiceBus\EventBus.AzureServiceBus.csproj", "{3329A6FE-7AAE-40AA-A848-5F0465451348}"
EndProject
Project("{9A19103F-16F7-4668-BE54-9A1E7A4F7556}") = "EventBus.RabbitMQ", "src\BuildingBlocks\EventBus\EventBus.RabbitMQ\EventBus.RabbitMQ.csproj", "{028601DF-F9F0-413D-986C-9B07D356CD3C}"
EndProject
Project("{2150E333-8FDC-42A3-9474-1A3956D46DE8}") = "BlazorWebApp", "BlazorWebApp", "{B322F1E0-EA3F-4339-84B8-97BBEC947242}"
EndProject
Project("{9A19103F-16F7-4668-BE54-9A1E7A4F7556}") = "WebApp", "src\Clients\BlazorWebApp\WebApp\WebApp.csproj", "{30BD7BA0-9B46-4B62-8143-A156BA1E8C15}"
EndProject
Project("{2150E333-8FDC-42A3-9474-1A3956D46DE8}") = "BasketService", "BasketService", "{92784C72-2F30-4564-B510-BB38BDF7038F}"
EndProject
Project("{9A19103F-16F7-4668-BE54-9A1E7A4F7556}") = "BasketService.Api", "src\Services\BasketService\BasketService.Api\BasketService.Api.csproj", "{6A32DF72-B228-4D23-AF81-5A93AA2F6BFC}"
EndProject
Project("{2150E333-8FDC-42A3-9474-1A3956D46DE8}") = "CatalogService", "CatalogService", "{9BE3377E-7596-42FA-9778-A226F3F64568}"
EndProject
Project("{9A19103F-16F7-4668-BE54-9A1E7A4F7556}") = "CatalogService.Api", "src\Services\CatalogService\CatalogService.Api\CatalogService.Api.csproj", "{2F8F6B56-187D-4B7D-B27B-DC5198D90EBA}"
EndProject
Project("{2150E333-8FDC-42A3-9474-1A3956D46DE8}") = "IdentityService", "IdentityService", "{2A516D27-0F44-4680-B5FE-E908EA475D80}"
EndProject
Project("{9A19103F-16F7-4668-BE54-9A1E7A4F7556}") = "IdentiyService.Api", "src\Services\IdentityService\IdentiyService.Api\IdentiyService.Api.csproj", "{0A478BF2-932D-4CCE-818F-399F522B0733}"
EndProject
Project("{2150E333-8FDC-42A3-9474-1A3956D46DE8}") = "NotificationService", "NotificationService", "{EF11E102-1E28-4052-B3B9-27C7E9D1DF04}"
EndProject
Project("{9A19103F-16F7-4668-BE54-9A1E7A4F7556}") = "NotificationService", "src\Services\NotificationService\NotificationService\NotificationService.csproj", "{779A1463-E217-4AA3-AF7E-D8634008E201}"
EndProject
Project("{2150E333-8FDC-42A3-9474-1A3956D46DE8}") = "OrderService", "OrderService", "{69B212CE-9044-4213-A8AD-83EE52864D77}"
EndProject
Project("{9A19103F-16F7-4668-BE54-9A1E7A4F7556}") = "OrderService.Domain", "src\Services\OrderService\OrderService.Domain\OrderService.Domain.csproj", "{7DC5E7E8-206C-43D1-B9FD-1FB9A5472224}"
EndProject
Project("{9A19103F-16F7-4668-BE54-9A1E7A4F7556}") = "OrderService.Application", "src\Services\OrderService\OrderService.Application\OrderService.Application.csproj", "{632EBD11-9341-4AC1-9D0D-0A9573991B5C}"
EndProject
Project("{9A19103F-16F7-4668-BE54-9A1E7A4F7556}") = "OrderService.Infrastructure", "src\Services\OrderService\OrderService.Infrastructure\OrderService.Infrastructure.csproj", "{C4A7814E-70BE-416E-8E38-9C5F90BCBC7A}"
EndProject
Project("{9A19103F-16F7-4668-BE54-9A1E7A4F7556}") = "OrderService.Api", "src\Services\OrderService\OrderService.Api\OrderService.Api.csproj", "{C39AA698-DFC9-4EB6-A0DA-CB84D879E41C}"
EndProject
Project("{2150E333-8FDC-42A3-9474-1A3956D46DE8}") = "PaymentService", "PaymentService", "{FF61ED2E-1941-4716-9679-4AE9C9B13665}"
EndProject
Project("{9A19103F-16F7-4668-BE54-9A1E7A4F7556}") = "PaymentService.Api", "src\Services\PaymentService\PaymentService.Api\PaymentService.Api.csproj", "{15926B20-0963-4516-B58B-5C149AA4E9D5}"
EndProject
Project("{2150E333-8FDC-42A3-9474-1A3956D46DE8}") = "docker-compose-files", "docker-compose-files", "{8D97B71C-6E63-461B-BCDC-6FEA2D0535CC}"
EndProject
Project("{2150E333-8FDC-42A3-9474-1A3956D46DE8}") = "consul", "consul", "{E322746E-61AB-43C5-9FB5-60672E2903DB}"
	ProjectSection(SolutionItems) = preProject
		docker-compose-files\consul\docker-compose.yml = docker-compose-files\consul\docker-compose.yml
	EndProjectSection
EndProject
Project("{2150E333-8FDC-42A3-9474-1A3956D46DE8}") = "rabbitmq", "rabbitmq", "{DA77AF59-1248-4F85-AA3F-2BBC7BEBA555}"
	ProjectSection(SolutionItems) = preProject
		docker-compose.yml = docker-compose.yml
	EndProjectSection
EndProject
Project("{2150E333-8FDC-42A3-9474-1A3956D46DE8}") = "redis", "redis", "{F90556F4-2792-40FB-9F14-96F4297B72D1}"
	ProjectSection(SolutionItems) = preProject
		docker-compose-files\redis\docker-compose.yml = docker-compose-files\redis\docker-compose.yml
	EndProjectSection
EndProject
Project("{2150E333-8FDC-42A3-9474-1A3956D46DE8}") = "tests", "tests", "{2796C28A-C944-450D-BC79-77C247BB958E}"
EndProject
Project("{2150E333-8FDC-42A3-9474-1A3956D46DE8}") = "BuildingBlocks", "BuildingBlocks", "{5AD1F4BF-CF6B-43BD-B9CD-A8C0D8F15997}"
EndProject
Project("{9A19103F-16F7-4668-BE54-9A1E7A4F7556}") = "EventBus.UnitTest", "EventBus.UnitTest\EventBus.UnitTest.csproj", "{6B42E786-7DDE-4D21-B6AA-330D52DC684C}"
EndProject
Project("{E53339B2-1760-4266-BCC7-CA923CBCF16C}") = "docker-compose", "docker-compose.dcproj", "{6E7E5DF1-E08E-4506-AC1A-1E2FC61A6D6A}"
EndProject
Global
	GlobalSection(SolutionConfigurationPlatforms) = preSolution
		Debug|Any CPU = Debug|Any CPU
		Release|Any CPU = Release|Any CPU
	EndGlobalSection
	GlobalSection(ProjectConfigurationPlatforms) = postSolution
		{BE7A1E54-0BA9-4EF1-982D-8B1C493BFBAA}.Debug|Any CPU.ActiveCfg = Debug|Any CPU
		{BE7A1E54-0BA9-4EF1-982D-8B1C493BFBAA}.Debug|Any CPU.Build.0 = Debug|Any CPU
		{BE7A1E54-0BA9-4EF1-982D-8B1C493BFBAA}.Release|Any CPU.ActiveCfg = Release|Any CPU
		{BE7A1E54-0BA9-4EF1-982D-8B1C493BFBAA}.Release|Any CPU.Build.0 = Release|Any CPU
		{2233BF67-3E70-4EFF-BFEA-E790214273CE}.Debug|Any CPU.ActiveCfg = Debug|Any CPU
		{2233BF67-3E70-4EFF-BFEA-E790214273CE}.Debug|Any CPU.Build.0 = Debug|Any CPU
		{2233BF67-3E70-4EFF-BFEA-E790214273CE}.Release|Any CPU.ActiveCfg = Release|Any CPU
		{2233BF67-3E70-4EFF-BFEA-E790214273CE}.Release|Any CPU.Build.0 = Release|Any CPU
		{C7E0C6A1-A563-4C3E-85F2-D12E0A893BC2}.Debug|Any CPU.ActiveCfg = Debug|Any CPU
		{C7E0C6A1-A563-4C3E-85F2-D12E0A893BC2}.Debug|Any CPU.Build.0 = Debug|Any CPU
		{C7E0C6A1-A563-4C3E-85F2-D12E0A893BC2}.Release|Any CPU.ActiveCfg = Release|Any CPU
		{C7E0C6A1-A563-4C3E-85F2-D12E0A893BC2}.Release|Any CPU.Build.0 = Release|Any CPU
		{3329A6FE-7AAE-40AA-A848-5F0465451348}.Debug|Any CPU.ActiveCfg = Debug|Any CPU
		{3329A6FE-7AAE-40AA-A848-5F0465451348}.Debug|Any CPU.Build.0 = Debug|Any CPU
		{3329A6FE-7AAE-40AA-A848-5F0465451348}.Release|Any CPU.ActiveCfg = Release|Any CPU
		{3329A6FE-7AAE-40AA-A848-5F0465451348}.Release|Any CPU.Build.0 = Release|Any CPU
		{028601DF-F9F0-413D-986C-9B07D356CD3C}.Debug|Any CPU.ActiveCfg = Debug|Any CPU
		{028601DF-F9F0-413D-986C-9B07D356CD3C}.Debug|Any CPU.Build.0 = Debug|Any CPU
		{028601DF-F9F0-413D-986C-9B07D356CD3C}.Release|Any CPU.ActiveCfg = Release|Any CPU
		{028601DF-F9F0-413D-986C-9B07D356CD3C}.Release|Any CPU.Build.0 = Release|Any CPU
		{30BD7BA0-9B46-4B62-8143-A156BA1E8C15}.Debug|Any CPU.ActiveCfg = Debug|Any CPU
		{30BD7BA0-9B46-4B62-8143-A156BA1E8C15}.Debug|Any CPU.Build.0 = Debug|Any CPU
		{30BD7BA0-9B46-4B62-8143-A156BA1E8C15}.Release|Any CPU.ActiveCfg = Release|Any CPU
		{30BD7BA0-9B46-4B62-8143-A156BA1E8C15}.Release|Any CPU.Build.0 = Release|Any CPU
		{6A32DF72-B228-4D23-AF81-5A93AA2F6BFC}.Debug|Any CPU.ActiveCfg = Debug|Any CPU
		{6A32DF72-B228-4D23-AF81-5A93AA2F6BFC}.Debug|Any CPU.Build.0 = Debug|Any CPU
		{6A32DF72-B228-4D23-AF81-5A93AA2F6BFC}.Release|Any CPU.ActiveCfg = Release|Any CPU
		{6A32DF72-B228-4D23-AF81-5A93AA2F6BFC}.Release|Any CPU.Build.0 = Release|Any CPU
		{2F8F6B56-187D-4B7D-B27B-DC5198D90EBA}.Debug|Any CPU.ActiveCfg = Debug|Any CPU
		{2F8F6B56-187D-4B7D-B27B-DC5198D90EBA}.Debug|Any CPU.Build.0 = Debug|Any CPU
		{2F8F6B56-187D-4B7D-B27B-DC5198D90EBA}.Release|Any CPU.ActiveCfg = Release|Any CPU
		{2F8F6B56-187D-4B7D-B27B-DC5198D90EBA}.Release|Any CPU.Build.0 = Release|Any CPU
		{0A478BF2-932D-4CCE-818F-399F522B0733}.Debug|Any CPU.ActiveCfg = Debug|Any CPU
		{0A478BF2-932D-4CCE-818F-399F522B0733}.Debug|Any CPU.Build.0 = Debug|Any CPU
		{0A478BF2-932D-4CCE-818F-399F522B0733}.Release|Any CPU.ActiveCfg = Release|Any CPU
		{0A478BF2-932D-4CCE-818F-399F522B0733}.Release|Any CPU.Build.0 = Release|Any CPU
		{779A1463-E217-4AA3-AF7E-D8634008E201}.Debug|Any CPU.ActiveCfg = Debug|Any CPU
		{779A1463-E217-4AA3-AF7E-D8634008E201}.Debug|Any CPU.Build.0 = Debug|Any CPU
		{779A1463-E217-4AA3-AF7E-D8634008E201}.Release|Any CPU.ActiveCfg = Release|Any CPU
		{779A1463-E217-4AA3-AF7E-D8634008E201}.Release|Any CPU.Build.0 = Release|Any CPU
		{7DC5E7E8-206C-43D1-B9FD-1FB9A5472224}.Debug|Any CPU.ActiveCfg = Debug|Any CPU
		{7DC5E7E8-206C-43D1-B9FD-1FB9A5472224}.Debug|Any CPU.Build.0 = Debug|Any CPU
		{7DC5E7E8-206C-43D1-B9FD-1FB9A5472224}.Release|Any CPU.ActiveCfg = Release|Any CPU
		{7DC5E7E8-206C-43D1-B9FD-1FB9A5472224}.Release|Any CPU.Build.0 = Release|Any CPU
		{632EBD11-9341-4AC1-9D0D-0A9573991B5C}.Debug|Any CPU.ActiveCfg = Debug|Any CPU
		{632EBD11-9341-4AC1-9D0D-0A9573991B5C}.Debug|Any CPU.Build.0 = Debug|Any CPU
		{632EBD11-9341-4AC1-9D0D-0A9573991B5C}.Release|Any CPU.ActiveCfg = Release|Any CPU
		{632EBD11-9341-4AC1-9D0D-0A9573991B5C}.Release|Any CPU.Build.0 = Release|Any CPU
		{C4A7814E-70BE-416E-8E38-9C5F90BCBC7A}.Debug|Any CPU.ActiveCfg = Debug|Any CPU
		{C4A7814E-70BE-416E-8E38-9C5F90BCBC7A}.Debug|Any CPU.Build.0 = Debug|Any CPU
		{C4A7814E-70BE-416E-8E38-9C5F90BCBC7A}.Release|Any CPU.ActiveCfg = Release|Any CPU
		{C4A7814E-70BE-416E-8E38-9C5F90BCBC7A}.Release|Any CPU.Build.0 = Release|Any CPU
		{C39AA698-DFC9-4EB6-A0DA-CB84D879E41C}.Debug|Any CPU.ActiveCfg = Debug|Any CPU
		{C39AA698-DFC9-4EB6-A0DA-CB84D879E41C}.Debug|Any CPU.Build.0 = Debug|Any CPU
		{C39AA698-DFC9-4EB6-A0DA-CB84D879E41C}.Release|Any CPU.ActiveCfg = Release|Any CPU
		{C39AA698-DFC9-4EB6-A0DA-CB84D879E41C}.Release|Any CPU.Build.0 = Release|Any CPU
		{15926B20-0963-4516-B58B-5C149AA4E9D5}.Debug|Any CPU.ActiveCfg = Debug|Any CPU
		{15926B20-0963-4516-B58B-5C149AA4E9D5}.Debug|Any CPU.Build.0 = Debug|Any CPU
		{15926B20-0963-4516-B58B-5C149AA4E9D5}.Release|Any CPU.ActiveCfg = Release|Any CPU
		{15926B20-0963-4516-B58B-5C149AA4E9D5}.Release|Any CPU.Build.0 = Release|Any CPU
		{6B42E786-7DDE-4D21-B6AA-330D52DC684C}.Debug|Any CPU.ActiveCfg = Debug|Any CPU
		{6B42E786-7DDE-4D21-B6AA-330D52DC684C}.Debug|Any CPU.Build.0 = Debug|Any CPU
		{6B42E786-7DDE-4D21-B6AA-330D52DC684C}.Release|Any CPU.ActiveCfg = Release|Any CPU
		{6B42E786-7DDE-4D21-B6AA-330D52DC684C}.Release|Any CPU.Build.0 = Release|Any CPU
		{6E7E5DF1-E08E-4506-AC1A-1E2FC61A6D6A}.Debug|Any CPU.ActiveCfg = Debug|Any CPU
		{6E7E5DF1-E08E-4506-AC1A-1E2FC61A6D6A}.Debug|Any CPU.Build.0 = Debug|Any CPU
		{6E7E5DF1-E08E-4506-AC1A-1E2FC61A6D6A}.Release|Any CPU.ActiveCfg = Release|Any CPU
		{6E7E5DF1-E08E-4506-AC1A-1E2FC61A6D6A}.Release|Any CPU.Build.0 = Release|Any CPU
	EndGlobalSection
	GlobalSection(SolutionProperties) = preSolution
		HideSolutionNode = FALSE
	EndGlobalSection
	GlobalSection(NestedProjects) = preSolution
		{764733D0-EB21-4004-B855-2DE86FFBAAF7} = {49BFD5C8-4ECE-4423-BA05-FA98EBD55A4E}
		{DFFD5966-A7C1-4FF0-8F94-2B923231672B} = {49BFD5C8-4ECE-4423-BA05-FA98EBD55A4E}
		{47530645-B61A-471A-90F9-01A326CC0FDB} = {49BFD5C8-4ECE-4423-BA05-FA98EBD55A4E}
		{BB268576-D380-4E8D-BE41-4389F0ACB417} = {49BFD5C8-4ECE-4423-BA05-FA98EBD55A4E}
		{36ED235A-A19C-4791-BAE3-03CD3AB18DF8} = {764733D0-EB21-4004-B855-2DE86FFBAAF7}
		{BE7A1E54-0BA9-4EF1-982D-8B1C493BFBAA} = {36ED235A-A19C-4791-BAE3-03CD3AB18DF8}
		{B65553A3-A416-428F-9CDE-A5B646330979} = {DFFD5966-A7C1-4FF0-8F94-2B923231672B}
		{2233BF67-3E70-4EFF-BFEA-E790214273CE} = {B65553A3-A416-428F-9CDE-A5B646330979}
		{C7E0C6A1-A563-4C3E-85F2-D12E0A893BC2} = {B65553A3-A416-428F-9CDE-A5B646330979}
		{3329A6FE-7AAE-40AA-A848-5F0465451348} = {B65553A3-A416-428F-9CDE-A5B646330979}
		{028601DF-F9F0-413D-986C-9B07D356CD3C} = {B65553A3-A416-428F-9CDE-A5B646330979}
		{B322F1E0-EA3F-4339-84B8-97BBEC947242} = {BB268576-D380-4E8D-BE41-4389F0ACB417}
		{30BD7BA0-9B46-4B62-8143-A156BA1E8C15} = {B322F1E0-EA3F-4339-84B8-97BBEC947242}
		{92784C72-2F30-4564-B510-BB38BDF7038F} = {47530645-B61A-471A-90F9-01A326CC0FDB}
		{6A32DF72-B228-4D23-AF81-5A93AA2F6BFC} = {92784C72-2F30-4564-B510-BB38BDF7038F}
		{9BE3377E-7596-42FA-9778-A226F3F64568} = {47530645-B61A-471A-90F9-01A326CC0FDB}
		{2F8F6B56-187D-4B7D-B27B-DC5198D90EBA} = {9BE3377E-7596-42FA-9778-A226F3F64568}
		{2A516D27-0F44-4680-B5FE-E908EA475D80} = {47530645-B61A-471A-90F9-01A326CC0FDB}
		{0A478BF2-932D-4CCE-818F-399F522B0733} = {2A516D27-0F44-4680-B5FE-E908EA475D80}
		{EF11E102-1E28-4052-B3B9-27C7E9D1DF04} = {47530645-B61A-471A-90F9-01A326CC0FDB}
		{779A1463-E217-4AA3-AF7E-D8634008E201} = {EF11E102-1E28-4052-B3B9-27C7E9D1DF04}
		{69B212CE-9044-4213-A8AD-83EE52864D77} = {47530645-B61A-471A-90F9-01A326CC0FDB}
		{7DC5E7E8-206C-43D1-B9FD-1FB9A5472224} = {69B212CE-9044-4213-A8AD-83EE52864D77}
		{632EBD11-9341-4AC1-9D0D-0A9573991B5C} = {69B212CE-9044-4213-A8AD-83EE52864D77}
		{C4A7814E-70BE-416E-8E38-9C5F90BCBC7A} = {69B212CE-9044-4213-A8AD-83EE52864D77}
		{C39AA698-DFC9-4EB6-A0DA-CB84D879E41C} = {69B212CE-9044-4213-A8AD-83EE52864D77}
		{FF61ED2E-1941-4716-9679-4AE9C9B13665} = {47530645-B61A-471A-90F9-01A326CC0FDB}
		{15926B20-0963-4516-B58B-5C149AA4E9D5} = {FF61ED2E-1941-4716-9679-4AE9C9B13665}
		{E322746E-61AB-43C5-9FB5-60672E2903DB} = {8D97B71C-6E63-461B-BCDC-6FEA2D0535CC}
		{DA77AF59-1248-4F85-AA3F-2BBC7BEBA555} = {8D97B71C-6E63-461B-BCDC-6FEA2D0535CC}
		{F90556F4-2792-40FB-9F14-96F4297B72D1} = {8D97B71C-6E63-461B-BCDC-6FEA2D0535CC}
		{5AD1F4BF-CF6B-43BD-B9CD-A8C0D8F15997} = {2796C28A-C944-450D-BC79-77C247BB958E}
		{6B42E786-7DDE-4D21-B6AA-330D52DC684C} = {5AD1F4BF-CF6B-43BD-B9CD-A8C0D8F15997}
	EndGlobalSection
	GlobalSection(ExtensibilityGlobals) = postSolution
		SolutionGuid = {4A4FF2DB-F586-4883-9FB8-FEED094592A5}
	EndGlobalSection
EndGlobal
